
Microsoft Visual Studio Solution File, Format Version 11.00
# Visual C# Express 2010
Project("{FAE04EC0-301F-11D3-BF4B-00C04F79EFBC}") = "DataSequenceGraphTests", "DataSequenceGraphTests\DataSequenceGraphTests.csproj", "{7C4FA147-1D23-46CB-B9F2-B48EC68B5B67}"
EndProject
Project("{FAE04EC0-301F-11D3-BF4B-00C04F79EFBC}") = "DataSequenceGraph", "DataSequenceGraph\DataSequenceGraph.csproj", "{55CB11B6-B07B-4308-93E3-F95F74B069E2}"
EndProject
Project("{FAE04EC0-301F-11D3-BF4B-00C04F79EFBC}") = "DataSequenceGraphCLI", "DataSequenceGraphCLI\DataSequenceGraphCLI.csproj", "{DF38CA9C-66F4-4CF1-A629-C809FF0DDF67}"
EndProject
Project("{FAE04EC0-301F-11D3-BF4B-00C04F79EFBC}") = "SentenceChunkLoader", "SentenceChunkLoader\SentenceChunkLoader.csproj", "{FD4B2F07-6C20-43AE-A0E1-E5874CD46EE6}"
EndProject
Project("{FAE04EC0-301F-11D3-BF4B-00C04F79EFBC}") = "SentenceChunkLoaderTests", "SentenceChunkLoaderTests\SentenceChunkLoaderTests.csproj", "{5B263317-30B6-471B-8CE5-F958511BE1F0}"
EndProject
Project("{FAE04EC0-301F-11D3-BF4B-00C04F79EFBC}") = "XMLGraphFormat", "XMLGraphFormat\XMLGraphFormat.csproj", "{E9C47BF8-4F91-4B0E-ACA3-AB521C466190}"
EndProject
Project("{FAE04EC0-301F-11D3-BF4B-00C04F79EFBC}") = "XMLGraphFormatTests", "XMLGraphFormatTests\XMLGraphFormatTests.csproj", "{0AF2AA5A-9069-4C95-B15C-CDEB1CAF63F9}"
EndProject
Project("{FAE04EC0-301F-11D3-BF4B-00C04F79EFBC}") = "BinaryAndTXTFormat", "BinaryAndTXTFormat\BinaryAndTXTFormat.csproj", "{77357CCB-D871-4007-85D8-DE5C2DB17043}"
EndProject
Project("{FAE04EC0-301F-11D3-BF4B-00C04F79EFBC}") = "BinaryFormatTests", "BinaryAndTXTFormatTests\BinaryFormatTests.csproj", "{A37394E0-7E90-4918-8D3F-5EBEF9CB9AC6}"
EndProject
Project("{FAE04EC0-301F-11D3-BF4B-00C04F79EFBC}") = "DataSequenceGraph.Communication", "DataSequenceGraph.Communication\DataSequenceGraph.Communication.csproj", "{B479D0BE-E5A9-43FA-B085-F56445AE0C2B}"
EndProject
Project("{FAE04EC0-301F-11D3-BF4B-00C04F79EFBC}") = "DataSequenceGraph.CommunicationTests", "DataSequenceGraph.CommunicationTests\DataSequenceGraph.CommunicationTests.csproj", "{977D36AE-DDF2-421A-9CAF-A6FB09CD9C7F}"
EndProject
Global
	GlobalSection(SolutionConfigurationPlatforms) = preSolution
		Debug|Any CPU = Debug|Any CPU
		Debug|Mixed Platforms = Debug|Mixed Platforms
		Debug|x86 = Debug|x86
		Release|Any CPU = Release|Any CPU
		Release|Mixed Platforms = Release|Mixed Platforms
		Release|x86 = Release|x86
	EndGlobalSection
	GlobalSection(ProjectConfigurationPlatforms) = postSolution
		{7C4FA147-1D23-46CB-B9F2-B48EC68B5B67}.Debug|Any CPU.ActiveCfg = Debug|Any CPU
		{7C4FA147-1D23-46CB-B9F2-B48EC68B5B67}.Debug|Any CPU.Build.0 = Debug|Any CPU
		{7C4FA147-1D23-46CB-B9F2-B48EC68B5B67}.Debug|Mixed Platforms.ActiveCfg = Debug|Any CPU
		{7C4FA147-1D23-46CB-B9F2-B48EC68B5B67}.Debug|Mixed Platforms.Build.0 = Debug|Any CPU
		{7C4FA147-1D23-46CB-B9F2-B48EC68B5B67}.Debug|x86.ActiveCfg = Debug|Any CPU
		{7C4FA147-1D23-46CB-B9F2-B48EC68B5B67}.Release|Any CPU.ActiveCfg = Release|Any CPU
		{7C4FA147-1D23-46CB-B9F2-B48EC68B5B67}.Release|Any CPU.Build.0 = Release|Any CPU
		{7C4FA147-1D23-46CB-B9F2-B48EC68B5B67}.Release|Mixed Platforms.ActiveCfg = Release|Any CPU
		{7C4FA147-1D23-46CB-B9F2-B48EC68B5B67}.Release|Mixed Platforms.Build.0 = Release|Any CPU
		{7C4FA147-1D23-46CB-B9F2-B48EC68B5B67}.Release|x86.ActiveCfg = Release|Any CPU
		{55CB11B6-B07B-4308-93E3-F95F74B069E2}.Debug|Any CPU.ActiveCfg = Debug|Any CPU
		{55CB11B6-B07B-4308-93E3-F95F74B069E2}.Debug|Any CPU.Build.0 = Debug|Any CPU
		{55CB11B6-B07B-4308-93E3-F95F74B069E2}.Debug|Mixed Platforms.ActiveCfg = Debug|Any CPU
		{55CB11B6-B07B-4308-93E3-F95F74B069E2}.Debug|Mixed Platforms.Build.0 = Debug|Any CPU
		{55CB11B6-B07B-4308-93E3-F95F74B069E2}.Debug|x86.ActiveCfg = Debug|Any CPU
		{55CB11B6-B07B-4308-93E3-F95F74B069E2}.Release|Any CPU.ActiveCfg = Release|Any CPU
		{55CB11B6-B07B-4308-93E3-F95F74B069E2}.Release|Any CPU.Build.0 = Release|Any CPU
		{55CB11B6-B07B-4308-93E3-F95F74B069E2}.Release|Mixed Platforms.ActiveCfg = Release|Any CPU
		{55CB11B6-B07B-4308-93E3-F95F74B069E2}.Release|Mixed Platforms.Build.0 = Release|Any CPU
		{55CB11B6-B07B-4308-93E3-F95F74B069E2}.Release|x86.ActiveCfg = Release|Any CPU
		{DF38CA9C-66F4-4CF1-A629-C809FF0DDF67}.Debug|Any CPU.ActiveCfg = Debug|x86
		{DF38CA9C-66F4-4CF1-A629-C809FF0DDF67}.Debug|Mixed Platforms.ActiveCfg = Debug|x86
		{DF38CA9C-66F4-4CF1-A629-C809FF0DDF67}.Debug|Mixed Platforms.Build.0 = Debug|x86
		{DF38CA9C-66F4-4CF1-A629-C809FF0DDF67}.Debug|x86.ActiveCfg = Debug|x86
		{DF38CA9C-66F4-4CF1-A629-C809FF0DDF67}.Debug|x86.Build.0 = Debug|x86
		{DF38CA9C-66F4-4CF1-A629-C809FF0DDF67}.Release|Any CPU.ActiveCfg = Release|x86
		{DF38CA9C-66F4-4CF1-A629-C809FF0DDF67}.Release|Mixed Platforms.ActiveCfg = Release|x86
		{DF38CA9C-66F4-4CF1-A629-C809FF0DDF67}.Release|Mixed Platforms.Build.0 = Release|x86
		{DF38CA9C-66F4-4CF1-A629-C809FF0DDF67}.Release|x86.ActiveCfg = Release|x86
		{DF38CA9C-66F4-4CF1-A629-C809FF0DDF67}.Release|x86.Build.0 = Release|x86
		{FD4B2F07-6C20-43AE-A0E1-E5874CD46EE6}.Debug|Any CPU.ActiveCfg = Debug|Any CPU
		{FD4B2F07-6C20-43AE-A0E1-E5874CD46EE6}.Debug|Any CPU.Build.0 = Debug|Any CPU
		{FD4B2F07-6C20-43AE-A0E1-E5874CD46EE6}.Debug|Mixed Platforms.ActiveCfg = Debug|Any CPU
		{FD4B2F07-6C20-43AE-A0E1-E5874CD46EE6}.Debug|Mixed Platforms.Build.0 = Debug|Any CPU
		{FD4B2F07-6C20-43AE-A0E1-E5874CD46EE6}.Debug|x86.ActiveCfg = Debug|Any CPU
		{FD4B2F07-6C20-43AE-A0E1-E5874CD46EE6}.Release|Any CPU.ActiveCfg = Release|Any CPU
		{FD4B2F07-6C20-43AE-A0E1-E5874CD46EE6}.Release|Any CPU.Build.0 = Release|Any CPU
		{FD4B2F07-6C20-43AE-A0E1-E5874CD46EE6}.Release|Mixed Platforms.ActiveCfg = Release|Any CPU
		{FD4B2F07-6C20-43AE-A0E1-E5874CD46EE6}.Release|Mixed Platforms.Build.0 = Release|Any CPU
		{FD4B2F07-6C20-43AE-A0E1-E5874CD46EE6}.Release|x86.ActiveCfg = Release|Any CPU
		{5B263317-30B6-471B-8CE5-F958511BE1F0}.Debug|Any CPU.ActiveCfg = Debug|Any CPU
		{5B263317-30B6-471B-8CE5-F958511BE1F0}.Debug|Any CPU.Build.0 = Debug|Any CPU
		{5B263317-30B6-471B-8CE5-F958511BE1F0}.Debug|Mixed Platforms.ActiveCfg = Debug|Any CPU
		{5B263317-30B6-471B-8CE5-F958511BE1F0}.Debug|Mixed Platforms.Build.0 = Debug|Any CPU
		{5B263317-30B6-471B-8CE5-F958511BE1F0}.Debug|x86.ActiveCfg = Debug|Any CPU
		{5B263317-30B6-471B-8CE5-F958511BE1F0}.Release|Any CPU.ActiveCfg = Release|Any CPU
		{5B263317-30B6-471B-8CE5-F958511BE1F0}.Release|Any CPU.Build.0 = Release|Any CPU
		{5B263317-30B6-471B-8CE5-F958511BE1F0}.Release|Mixed Platforms.ActiveCfg = Release|Any CPU
		{5B263317-30B6-471B-8CE5-F958511BE1F0}.Release|Mixed Platforms.Build.0 = Release|Any CPU
		{5B263317-30B6-471B-8CE5-F958511BE1F0}.Release|x86.ActiveCfg = Release|Any CPU
		{E9C47BF8-4F91-4B0E-ACA3-AB521C466190}.Debug|Any CPU.ActiveCfg = Debug|Any CPU
		{E9C47BF8-4F91-4B0E-ACA3-AB521C466190}.Debug|Any CPU.Build.0 = Debug|Any CPU
		{E9C47BF8-4F91-4B0E-ACA3-AB521C466190}.Debug|Mixed Platforms.ActiveCfg = Debug|Any CPU
		{E9C47BF8-4F91-4B0E-ACA3-AB521C466190}.Debug|Mixed Platforms.Build.0 = Debug|Any CPU
		{E9C47BF8-4F91-4B0E-ACA3-AB521C466190}.Debug|x86.ActiveCfg = Debug|Any CPU
		{E9C47BF8-4F91-4B0E-ACA3-AB521C466190}.Release|Any CPU.ActiveCfg = Release|Any CPU
		{E9C47BF8-4F91-4B0E-ACA3-AB521C466190}.Release|Any CPU.Build.0 = Release|Any CPU
		{E9C47BF8-4F91-4B0E-ACA3-AB521C466190}.Release|Mixed Platforms.ActiveCfg = Release|Any CPU
		{E9C47BF8-4F91-4B0E-ACA3-AB521C466190}.Release|Mixed Platforms.Build.0 = Release|Any CPU
		{E9C47BF8-4F91-4B0E-ACA3-AB521C466190}.Release|x86.ActiveCfg = Release|Any CPU
		{0AF2AA5A-9069-4C95-B15C-CDEB1CAF63F9}.Debug|Any CPU.ActiveCfg = Debug|Any CPU
		{0AF2AA5A-9069-4C95-B15C-CDEB1CAF63F9}.Debug|Any CPU.Build.0 = Debug|Any CPU
		{0AF2AA5A-9069-4C95-B15C-CDEB1CAF63F9}.Debug|Mixed Platforms.ActiveCfg = Debug|Any CPU
		{0AF2AA5A-9069-4C95-B15C-CDEB1CAF63F9}.Debug|Mixed Platforms.Build.0 = Debug|Any CPU
		{0AF2AA5A-9069-4C95-B15C-CDEB1CAF63F9}.Debug|x86.ActiveCfg = Debug|Any CPU
		{0AF2AA5A-9069-4C95-B15C-CDEB1CAF63F9}.Release|Any CPU.ActiveCfg = Release|Any CPU
		{0AF2AA5A-9069-4C95-B15C-CDEB1CAF63F9}.Release|Any CPU.Build.0 = Release|Any CPU
		{0AF2AA5A-9069-4C95-B15C-CDEB1CAF63F9}.Release|Mixed Platforms.ActiveCfg = Release|Any CPU
		{0AF2AA5A-9069-4C95-B15C-CDEB1CAF63F9}.Release|Mixed Platforms.Build.0 = Release|Any CPU
		{0AF2AA5A-9069-4C95-B15C-CDEB1CAF63F9}.Release|x86.ActiveCfg = Release|Any CPU
		{77357CCB-D871-4007-85D8-DE5C2DB17043}.Debug|Any CPU.ActiveCfg = Debug|Any CPU
		{77357CCB-D871-4007-85D8-DE5C2DB17043}.Debug|Any CPU.Build.0 = Debug|Any CPU
		{77357CCB-D871-4007-85D8-DE5C2DB17043}.Debug|Mixed Platforms.ActiveCfg = Debug|Any CPU
		{77357CCB-D871-4007-85D8-DE5C2DB17043}.Debug|Mixed Platforms.Build.0 = Debug|Any CPU
		{77357CCB-D871-4007-85D8-DE5C2DB17043}.Debug|x86.ActiveCfg = Debug|Any CPU
		{77357CCB-D871-4007-85D8-DE5C2DB17043}.Release|Any CPU.ActiveCfg = Release|Any CPU
		{77357CCB-D871-4007-85D8-DE5C2DB17043}.Release|Any CPU.Build.0 = Release|Any CPU
		{77357CCB-D871-4007-85D8-DE5C2DB17043}.Release|Mixed Platforms.ActiveCfg = Release|Any CPU
		{77357CCB-D871-4007-85D8-DE5C2DB17043}.Release|Mixed Platforms.Build.0 = Release|Any CPU
		{77357CCB-D871-4007-85D8-DE5C2DB17043}.Release|x86.ActiveCfg = Release|Any CPU
		{A37394E0-7E90-4918-8D3F-5EBEF9CB9AC6}.Debug|Any CPU.ActiveCfg = Debug|Any CPU
		{A37394E0-7E90-4918-8D3F-5EBEF9CB9AC6}.Debug|Any CPU.Build.0 = Debug|Any CPU
		{A37394E0-7E90-4918-8D3F-5EBEF9CB9AC6}.Debug|Mixed Platforms.ActiveCfg = Debug|Any CPU
		{A37394E0-7E90-4918-8D3F-5EBEF9CB9AC6}.Debug|Mixed Platforms.Build.0 = Debug|Any CPU
		{A37394E0-7E90-4918-8D3F-5EBEF9CB9AC6}.Debug|x86.ActiveCfg = Debug|Any CPU
		{A37394E0-7E90-4918-8D3F-5EBEF9CB9AC6}.Release|Any CPU.ActiveCfg = Release|Any CPU
		{A37394E0-7E90-4918-8D3F-5EBEF9CB9AC6}.Release|Any CPU.Build.0 = Release|Any CPU
		{A37394E0-7E90-4918-8D3F-5EBEF9CB9AC6}.Release|Mixed Platforms.ActiveCfg = Release|Any CPU
		{A37394E0-7E90-4918-8D3F-5EBEF9CB9AC6}.Release|Mixed Platforms.Build.0 = Release|Any CPU
		{A37394E0-7E90-4918-8D3F-5EBEF9CB9AC6}.Release|x86.ActiveCfg = Release|Any CPU
		{B479D0BE-E5A9-43FA-B085-F56445AE0C2B}.Debug|Any CPU.ActiveCfg = Debug|Any CPU
		{B479D0BE-E5A9-43FA-B085-F56445AE0C2B}.Debug|Any CPU.Build.0 = Debug|Any CPU
		{B479D0BE-E5A9-43FA-B085-F56445AE0C2B}.Debug|Mixed Platforms.ActiveCfg = Debug|Any CPU
		{B479D0BE-E5A9-43FA-B085-F56445AE0C2B}.Debug|Mixed Platforms.Build.0 = Debug|Any CPU
		{B479D0BE-E5A9-43FA-B085-F56445AE0C2B}.Debug|x86.ActiveCfg = Debug|Any CPU
		{B479D0BE-E5A9-43FA-B085-F56445AE0C2B}.Release|Any CPU.ActiveCfg = Release|Any CPU
		{B479D0BE-E5A9-43FA-B085-F56445AE0C2B}.Release|Any CPU.Build.0 = Release|Any CPU
		{B479D0BE-E5A9-43FA-B085-F56445AE0C2B}.Release|Mixed Platforms.ActiveCfg = Release|Any CPU
		{B479D0BE-E5A9-43FA-B085-F56445AE0C2B}.Release|Mixed Platforms.Build.0 = Release|Any CPU
		{B479D0BE-E5A9-43FA-B085-F56445AE0C2B}.Release|x86.ActiveCfg = Release|Any CPU
		{977D36AE-DDF2-421A-9CAF-A6FB09CD9C7F}.Debug|Any CPU.ActiveCfg = Debug|Any CPU
		{977D36AE-DDF2-421A-9CAF-A6FB09CD9C7F}.Debug|Any CPU.Build.0 = Debug|Any CPU
		{977D36AE-DDF2-421A-9CAF-A6FB09CD9C7F}.Debug|Mixed Platforms.ActiveCfg = Debug|Any CPU
		{977D36AE-DDF2-421A-9CAF-A6FB09CD9C7F}.Debug|Mixed Platforms.Build.0 = Debug|Any CPU
		{977D36AE-DDF2-421A-9CAF-A6FB09CD9C7F}.Debug|x86.ActiveCfg = Debug|Any CPU
		{977D36AE-DDF2-421A-9CAF-A6FB09CD9C7F}.Release|Any CPU.ActiveCfg = Release|Any CPU
		{977D36AE-DDF2-421A-9CAF-A6FB09CD9C7F}.Release|Any CPU.Build.0 = Release|Any CPU
		{977D36AE-DDF2-421A-9CAF-A6FB09CD9C7F}.Release|Mixed Platforms.ActiveCfg = Release|Any CPU
		{977D36AE-DDF2-421A-9CAF-A6FB09CD9C7F}.Release|Mixed Platforms.Build.0 = Release|Any CPU
		{977D36AE-DDF2-421A-9CAF-A6FB09CD9C7F}.Release|x86.ActiveCfg = Release|Any CPU
	EndGlobalSection
	GlobalSection(SolutionProperties) = preSolution
		HideSolutionNode = FALSE
	EndGlobalSection
EndGlobal
